
Microsoft Visual Studio Solution File, Format Version 12.00
# Visual Studio Version 17
VisualStudioVersion = 17.8.34316.72
MinimumVisualStudioVersion = 10.0.40219.1
Project("{FAE04EC0-301F-11D3-BF4B-00C04F79EFBC}") = "HW2.15", "HW2.15\HW2.15.csproj", "{526DD4E0-355B-4084-ABE8-CA89554EF76A}"
EndProject
Global
	GlobalSection(SolutionConfigurationPlatforms) = preSolution
		Debug|Any CPU = Debug|Any CPU
		Release|Any CPU = Release|Any CPU
	EndGlobalSection
	GlobalSection(ProjectConfigurationPlatforms) = postSolution
		{526DD4E0-355B-4084-ABE8-CA89554EF76A}.Debug|Any CPU.ActiveCfg = Debug|Any CPU
		{526DD4E0-355B-4084-ABE8-CA89554EF76A}.Debug|Any CPU.Build.0 = Debug|Any CPU
		{526DD4E0-355B-4084-ABE8-CA89554EF76A}.Release|Any CPU.ActiveCfg = Release|Any CPU
		{526DD4E0-355B-4084-ABE8-CA89554EF76A}.Release|Any CPU.Build.0 = Release|Any CPU
	EndGlobalSection
	GlobalSection(SolutionProperties) = preSolution
		HideSolutionNode = FALSE
	EndGlobalSection
	GlobalSection(ExtensibilityGlobals) = postSolution
		SolutionGuid = {0DD4D425-C5C7-45BE-B27C-3888746638B4}
	EndGlobalSection
EndGlobal
